Microsoft Visual Studio Solution File, Format Version 12.00
# Visual Studio Version 17
VisualStudioVersion = 17.5.2.0
MinimumVisualStudioVersion = 10.0.40219.1
Project("{FAE04EC0-301F-11D3-BF4B-00C04F79EFBC}") = "OneHelper", "OneHelper.csproj", "{361FF536-F914-629B-DA4B-CBA92BC99882}"
EndProject
Global
	GlobalSection(SolutionConfigurationPlatforms) = preSolution
		Debug|Any CPU = Debug|Any CPU
		Release|Any CPU = Release|Any CPU
	EndGlobalSection
	GlobalSection(ProjectConfigurationPlatforms) = postSolution
		{361FF536-F914-629B-DA4B-CBA92BC99882}.Debug|Any CPU.ActiveCfg = Debug|Any CPU
		{361FF536-F914-629B-DA4B-CBA92BC99882}.Debug|Any CPU.Build.0 = Debug|Any CPU
		{361FF536-F914-629B-DA4B-CBA92BC99882}.Release|Any CPU.ActiveCfg = Release|Any CPU
		{361FF536-F914-629B-DA4B-CBA92BC99882}.Release|Any CPU.Build.0 = Release|Any CPU
	EndGlobalSection
	GlobalSection(SolutionProperties) = preSolution
		HideSolutionNode = FALSE
	EndGlobalSection
	GlobalSection(ExtensibilityGlobals) = postSolution
		SolutionGuid = {A12054B7-0670-4FC1-93F2-2F24EE5D7311}
	EndGlobalSection
EndGlobal
